// !$*UTF8*$!
{
	archiveVersion = 1;
	classes = {
	};
	objectVersion = 56;
	objects = {

/* Begin PBXBuildFile section */
		B0DBCFFF2C19AF6D009772E6 /* AppDelegate.swift in Sources */ = {isa = PBXBuildFile; fileRef = B0DBCFFE2C19AF6D009772E6 /* AppDelegate.swift */; };
		B0DBD0012C19AF6D009772E6 /* SceneDelegate.swift in Sources */ = {isa = PBXBuildFile; fileRef = B0DBD0002C19AF6D009772E6 /* SceneDelegate.swift */; };
		B0DBD0032C19AF6D009772E6 /* ViewController.swift in Sources */ = {isa = PBXBuildFile; fileRef = B0DBD0022C19AF6D009772E6 /* ViewController.swift */; };
		B0DBD0062C19AF6D009772E6 /* Base in Resources */ = {isa = PBXBuildFile; fileRef = B0DBD0052C19AF6D009772E6 /* Base */; };
		B0DBD0092C19AF6D009772E6 /* Test.xcdatamodeld in Sources */ = {isa = PBXBuildFile; fileRef = B0DBD0072C19AF6D009772E6 /* Test.xcdatamodeld */; };
		B0DBD00B2C19AF6E009772E6 /* Assets.xcassets in Resources */ = {isa = PBXBuildFile; fileRef = B0DBD00A2C19AF6E009772E6 /* Assets.xcassets */; };
		B0DBD00E2C19AF6E009772E6 /* Base in Resources */ = {isa = PBXBuildFile; fileRef = B0DBD00D2C19AF6E009772E6 /* Base */; };
		B0DBD0192C19AF6F009772E6 /* TestTests.swift in Sources */ = {isa = PBXBuildFile; fileRef = B0DBD0182C19AF6F009772E6 /* TestTests.swift */; };
		B0DBD0232C19AF6F009772E6 /* TestUITests.swift in Sources */ = {isa = PBXBuildFile; fileRef = B0DBD0222C19AF6F009772E6 /* TestUITests.swift */; };
		B0DBD0252C19AF6F009772E6 /* TestUITestsLaunchTests.swift in Sources */ = {isa = PBXBuildFile; fileRef = B0DBD0242C19AF6F009772E6 /* TestUITestsLaunchTests.swift */; };
/* End PBXBuildFile section */

/* Begin PBXContainerItemProxy section */
		B0DBD0152C19AF6F009772E6 /* PBXContainerItemProxy */ = {
			isa = PBXContainerItemProxy;
			containerPortal = B0DBCFF32C19AF6D009772E6 /* Project object */;
			proxyType = 1;
			remoteGlobalIDString = B0DBCFFA2C19AF6D009772E6;
			remoteInfo = Test;
		};
		B0DBD01F2C19AF6F009772E6 /* PBXContainerItemProxy */ = {
			isa = PBXContainerItemProxy;
			containerPortal = B0DBCFF32C19AF6D009772E6 /* Project object */;
			proxyType = 1;
			remoteGlobalIDString = B0DBCFFA2C19AF6D009772E6;
			remoteInfo = Test;
		};
/* End PBXContainerItemProxy section */

/* Begin PBXFileReference section */
		B0DBCFFB2C19AF6D009772E6 /* Test.app */ = {isa = PBXFileReference; explicitFileType = wrapper.application; includeInIndex = 0; path = Test.app; sourceTree = BUILT_PRODUCTS_DIR; };
		B0DBCFFE2C19AF6D009772E6 /* AppDelegate.swift */ = {isa = PBXFileReference; lastKnownFileType = sourcecode.swift; path = AppDelegate.swift; sourceTree = "<group>"; };
		B0DBD0002C19AF6D009772E6 /* SceneDelegate.swift */ = {isa = PBXFileReference; lastKnownFileType = sourcecode.swift; path = SceneDelegate.swift; sourceTree = "<group>"; };
		B0DBD0022C19AF6D009772E6 /* ViewController.swift */ = {isa = PBXFileReference; lastKnownFileType = sourcecode.swift; path = ViewController.swift; sourceTree = "<group>"; };
		B0DBD0052C19AF6D009772E6 /* Base */ = {isa = PBXFileReference; lastKnownFileType = file.storyboard; name = Base; path = Base.lproj/Main.storyboard; sourceTree = "<group>"; };
		B0DBD0082C19AF6D009772E6 /* Test.xcdatamodel */ = {isa = PBXFileReference; lastKnownFileType = wrapper.xcdatamodel; path = Test.xcdatamodel; sourceTree = "<group>"; };
		B0DBD00A2C19AF6E009772E6 /* Assets.xcassets */ = {isa = PBXFileReference; lastKnownFileType = folder.assetcatalog; path = Assets.xcassets; sourceTree = "<group>"; };
		B0DBD00D2C19AF6E009772E6 /* Base */ = {isa = PBXFileReference; lastKnownFileType = file.storyboard; name = Base; path = Base.lproj/LaunchScreen.storyboard; sourceTree = "<group>"; };
		B0DBD00F2C19AF6E009772E6 /* Info.plist */ = {isa = PBXFileReference; lastKnownFileType = text.plist.xml; path = Info.plist; sourceTree = "<group>"; };
		B0DBD0142C19AF6F009772E6 /* TestTests.xctest */ = {isa = PBXFileReference; explicitFileType = wrapper.cfbundle; includeInIndex = 0; path = TestTests.xctest; sourceTree = BUILT_PRODUCTS_DIR; };
		B0DBD0182C19AF6F009772E6 /* TestTests.swift */ = {isa = PBXFileReference; lastKnownFileType = sourcecode.swift; path = TestTests.swift; sourceTree = "<group>"; };
		B0DBD01E2C19AF6F009772E6 /* TestUITests.xctest */ = {isa = PBXFileReference; explicitFileType = wrapper.cfbundle; includeInIndex = 0; path = TestUITests.xctest; sourceTree = BUILT_PRODUCTS_DIR; };
		B0DBD0222C19AF6F009772E6 /* TestUITests.swift */ = {isa = PBXFileReference; lastKnownFileType = sourcecode.swift; path = TestUITests.swift; sourceTree = "<group>"; };
		B0DBD0242C19AF6F009772E6 /* TestUITestsLaunchTests.swift */ = {isa = PBXFileReference; lastKnownFileType = sourcecode.swift; path = TestUITestsLaunchTests.swift; sourceTree = "<group>"; };
/* End PBXFileReference section */

/* Begin PBXFrameworksBuildPhase section */
		B0DBCFF82C19AF6D009772E6 /* Frameworks */ = {
			isa = PBXFrameworksBuildPhase;
			buildActionMask = 2147483647;
			files = (
			);
			runOnlyForDeploymentPostprocessing = 0;
		};
		B0DBD0112C19AF6F009772E6 /* Frameworks */ = {
			isa = PBXFrameworksBuildPhase;
			buildActionMask = 2147483647;
			files = (
			);
			runOnlyForDeploymentPostprocessing = 0;
		};
		B0DBD01B2C19AF6F009772E6 /* Frameworks */ = {
			isa = PBXFrameworksBuildPhase;
			buildActionMask = 2147483647;
			files = (
			);
			runOnlyForDeploymentPostprocessing = 0;
		};
/* End PBXFrameworksBuildPhase section */

/* Begin PBXGroup section */
		B0DBCFF22C19AF6D009772E6 = {
			isa = PBXGroup;
			children = (
				B0DBCFFD2C19AF6D009772E6 /* Test */,
				B0DBD0172C19AF6F009772E6 /* TestTests */,
				B0DBD0212C19AF6F009772E6 /* TestUITests */,
				B0DBCFFC2C19AF6D009772E6 /* Products */,
			);
			sourceTree = "<group>";
		};
		B0DBCFFC2C19AF6D009772E6 /* Products */ = {
			isa = PBXGroup;
			children = (
				B0DBCFFB2C19AF6D009772E6 /* Test.app */,
				B0DBD0142C19AF6F009772E6 /* TestTests.xctest */,
				B0DBD01E2C19AF6F009772E6 /* TestUITests.xctest */,
			);
			name = Products;
			sourceTree = "<group>";
		};
		B0DBCFFD2C19AF6D009772E6 /* Test */ = {
			isa = PBXGroup;
			children = (
				B0DBCFFE2C19AF6D009772E6 /* AppDelegate.swift */,
				B0DBD0002C19AF6D009772E6 /* SceneDelegate.swift */,
				B0DBD0022C19AF6D009772E6 /* ViewController.swift */,
				B0DBD0042C19AF6D009772E6 /* Main.storyboard */,
				B0DBD00A2C19AF6E009772E6 /* Assets.xcassets */,
				B0DBD00C2C19AF6E009772E6 /* LaunchScreen.storyboard */,
				B0DBD00F2C19AF6E009772E6 /* Info.plist */,
				B0DBD0072C19AF6D009772E6 /* Test.xcdatamodeld */,
			);
			path = Test;
			sourceTree = "<group>";
		};
		B0DBD0172C19AF6F009772E6 /* TestTests */ = {
			isa = PBXGroup;
			children = (
				B0DBD0182C19AF6F009772E6 /* TestTests.swift */,
			);
			path = TestTests;
			sourceTree = "<group>";
		};
		B0DBD0212C19AF6F009772E6 /* TestUITests */ = {
			isa = PBXGroup;
			children = (
				B0DBD0222C19AF6F009772E6 /* TestUITests.swift */,
				B0DBD0242C19AF6F009772E6 /* TestUITestsLaunchTests.swift */,
			);
			path = TestUITests;
			sourceTree = "<group>";
		};
/* End PBXGroup section */

/* Begin PBXNativeTarget section */
		B0DBCFFA2C19AF6D009772E6 /* Test */ = {
			isa = PBXNativeTarget;
			buildConfigurationList = B0DBD0282C19AF6F009772E6 /* Build configuration list for PBXNativeTarget "Test" */;
			buildPhases = (
				B0DBCFF72C19AF6D009772E6 /* Sources */,
				B0DBCFF82C19AF6D009772E6 /* Frameworks */,
				B0DBCFF92C19AF6D009772E6 /* Resources */,
			);
			buildRules = (
			);
			dependencies = (
			);
			name = Test;
			productName = Test;
			productReference = B0DBCFFB2C19AF6D009772E6 /* Test.app */;
			productType = "com.apple.product-type.application";
		};
		B0DBD0132C19AF6F009772E6 /* TestTests */ = {
			isa = PBXNativeTarget;
			buildConfigurationList = B0DBD02B2C19AF6F009772E6 /* Build configuration list for PBXNativeTarget "TestTests" */;
			buildPhases = (
				B0DBD0102C19AF6F009772E6 /* Sources */,
				B0DBD0112C19AF6F009772E6 /* Frameworks */,
				B0DBD0122C19AF6F009772E6 /* Resources */,
			);
			buildRules = (
			);
			dependencies = (
				B0DBD0162C19AF6F009772E6 /* PBXTargetDependency */,
			);
			name = TestTests;
			productName = TestTests;
			productReference = B0DBD0142C19AF6F009772E6 /* TestTests.xctest */;
			productType = "com.apple.product-type.bundle.unit-test";
		};
		B0DBD01D2C19AF6F009772E6 /* TestUITests */ = {
			isa = PBXNativeTarget;
			buildConfigurationList = B0DBD02E2C19AF6F009772E6 /* Build configuration list for PBXNativeTarget "TestUITests" */;
			buildPhases = (
				B0DBD01A2C19AF6F009772E6 /* Sources */,
				B0DBD01B2C19AF6F009772E6 /* Frameworks */,
				B0DBD01C2C19AF6F009772E6 /* Resources */,
			);
			buildRules = (
			);
			dependencies = (
				B0DBD0202C19AF6F009772E6 /* PBXTargetDependency */,
			);
			name = TestUITests;
			productName = TestUITests;
			productReference = B0DBD01E2C19AF6F009772E6 /* TestUITests.xctest */;
			productType = "com.apple.product-type.bundle.ui-testing";
		};
/* End PBXNativeTarget section */

/* Begin PBXProject section */
		B0DBCFF32C19AF6D009772E6 /* Project object */ = {
			isa = PBXProject;
			attributes = {
				BuildIndependentTargetsInParallel = 1;
				LastSwiftUpdateCheck = 1540;
				LastUpgradeCheck = 1540;
				TargetAttributes = {
					B0DBCFFA2C19AF6D009772E6 = {
						CreatedOnToolsVersion = 15.4;
					};
					B0DBD0132C19AF6F009772E6 = {
						CreatedOnToolsVersion = 15.4;
						TestTargetID = B0DBCFFA2C19AF6D009772E6;
					};
					B0DBD01D2C19AF6F009772E6 = {
						CreatedOnToolsVersion = 15.4;
						TestTargetID = B0DBCFFA2C19AF6D009772E6;
					};
				};
			};
			buildConfigurationList = B0DBCFF62C19AF6D009772E6 /* Build configuration list for PBXProject "Test" */;
			compatibilityVersion = "Xcode 14.0";
			developmentRegion = en;
			hasScannedForEncodings = 0;
			knownRegions = (
				en,
				Base,
			);
			mainGroup = B0DBCFF22C19AF6D009772E6;
			productRefGroup = B0DBCFFC2C19AF6D009772E6 /* Products */;
			projectDirPath = "";
			projectRoot = "";
			targets = (
				B0DBCFFA2C19AF6D009772E6 /* Test */,
				B0DBD0132C19AF6F009772E6 /* TestTests */,
				B0DBD01D2C19AF6F009772E6 /* TestUITests */,
			);
		};
/* End PBXProject section */

/* Begin PBXResourcesBuildPhase section */
		B0DBCFF92C19AF6D009772E6 /* Resources */ = {
			isa = PBXResourcesBuildPhase;
			buildActionMask = 2147483647;
			files = (
				B0DBD00B2C19AF6E009772E6 /* Assets.xcassets in Resources */,
				B0DBD00E2C19AF6E009772E6 /* Base in Resources */,
				B0DBD0062C19AF6D009772E6 /* Base in Resources */,
			);
			runOnlyForDeploymentPostprocessing = 0;
		};
		B0DBD0122C19AF6F009772E6 /* Resources */ = {
			isa = PBXResourcesBuildPhase;
			buildActionMask = 2147483647;
			files = (
			);
			runOnlyForDeploymentPostprocessing = 0;
		};
		B0DBD01C2C19AF6F009772E6 /* Resources */ = {
			isa = PBXResourcesBuildPhase;
			buildActionMask = 2147483647;
			files = (
			);
			runOnlyForDeploymentPostprocessing = 0;
		};
/* End PBXResourcesBuildPhase section */

/* Begin PBXSourcesBuildPhase section */
		B0DBCFF72C19AF6D009772E6 /* Sources */ = {
			isa = PBXSourcesBuildPhase;
			buildActionMask = 2147483647;
			files = (
				B0DBD0032C19AF6D009772E6 /* ViewController.swift in Sources */,
				B0DBD0092C19AF6D009772E6 /* Test.xcdatamodeld in Sources */,
				B0DBCFFF2C19AF6D009772E6 /* AppDelegate.swift in Sources */,
				B0DBD0012C19AF6D009772E6 /* SceneDelegate.swift in Sources */,
			);
			runOnlyForDeploymentPostprocessing = 0;
		};
		B0DBD0102C19AF6F009772E6 /* Sources */ = {
			isa = PBXSourcesBuildPhase;
			buildActionMask = 2147483647;
			files = (
				B0DBD0192C19AF6F009772E6 /* TestTests.swift in Sources */,
			);
			runOnlyForDeploymentPostprocessing = 0;
		};
		B0DBD01A2C19AF6F009772E6 /* Sources */ = {
			isa = PBXSourcesBuildPhase;
			buildActionMask = 2147483647;
			files = (
				B0DBD0252C19AF6F009772E6 /* TestUITestsLaunchTests.swift in Sources */,
				B0DBD0232C19AF6F009772E6 /* TestUITests.swift in Sources */,
			);
			runOnlyForDeploymentPostprocessing = 0;
		};
/* End PBXSourcesBuildPhase section */

/* Begin PBXTargetDependency section */
		B0DBD0162C19AF6F009772E6 /* PBXTargetDependency */ = {
			isa = PBXTargetDependency;
			target = B0DBCFFA2C19AF6D009772E6 /* Test */;
			targetProxy = B0DBD0152C19AF6F009772E6 /* PBXContainerItemProxy */;
		};
		B0DBD0202C19AF6F009772E6 /* PBXTargetDependency */ = {
			isa = PBXTargetDependency;
			target = B0DBCFFA2C19AF6D009772E6 /* Test */;
			targetProxy = B0DBD01F2C19AF6F009772E6 /* PBXContainerItemProxy */;
		};
/* End PBXTargetDependency section */

/* Begin PBXVariantGroup section */
		B0DBD0042C19AF6D009772E6 /* Main.storyboard */ = {
			isa = PBXVariantGroup;
			children = (
				B0DBD0052C19AF6D009772E6 /* Base */,
			);
			name = Main.storyboard;
			sourceTree = "<group>";
		};
		B0DBD00C2C19AF6E009772E6 /* LaunchScreen.storyboard */ = {
			isa = PBXVariantGroup;
			children = (
				B0DBD00D2C19AF6E009772E6 /* Base */,
			);
			name = LaunchScreen.storyboard;
			sourceTree = "<group>";
		};
/* End PBXVariantGroup section */

/* Begin XCBuildConfiguration section */
		B0DBD0262C19AF6F009772E6 /* Debug */ = {
			isa = XCBuildConfiguration;
			buildSettings = {
				ALWAYS_SEARCH_USER_PATHS = NO;
				ASSETCATALOG_COMPILER_GENERATE_SWIFT_ASSET_SYMBOL_EXTENSIONS = YES;
				CLANG_ANALYZER_NONNULL = YES;
				CLANG_ANALYZER_NUMBER_OBJECT_CONVERSION = YES_AGGRESSIVE;
				CLANG_CXX_LANGUAGE_STANDARD = "gnu++20";
				CLANG_ENABLE_MODULES = YES;
				CLANG_ENABLE_OBJC_ARC = YES;
				CLANG_ENABLE_OBJC_WEAK = YES;
				CLANG_WARN_BLOCK_CAPTURE_AUTORELEASING = YES;
				CLANG_WARN_BOOL_CONVERSION = YES;
				CLANG_WARN_COMMA = YES;
				CLANG_WARN_CONSTANT_CONVERSION = YES;
				CLANG_WARN_DEPRECATED_OBJC_IMPLEMENTATIONS = YES;
				CLANG_WARN_DIRECT_OBJC_ISA_USAGE = YES_ERROR;
				CLANG_WARN_DOCUMENTATION_COMMENTS = YES;
				CLANG_WARN_EMPTY_BODY = YES;
				CLANG_WARN_ENUM_CONVERSION = YES;
				CLANG_WARN_INFINITE_RECURSION = YES;
				CLANG_WARN_INT_CONVERSION = YES;
				CLANG_WARN_NON_LITERAL_NULL_CONVERSION = YES;
				CLANG_WARN_OBJC_IMPLICIT_RETAIN_SELF = YES;
				CLANG_WARN_OBJC_LITERAL_CONVERSION = YES;
				CLANG_WARN_OBJC_ROOT_CLASS = YES_ERROR;
				CLANG_WARN_QUOTED_INCLUDE_IN_FRAMEWORK_HEADER = YES;
				CLANG_WARN_RANGE_LOOP_ANALYSIS = YES;
				CLANG_WARN_STRICT_PROTOTYPES = YES;
				CLANG_WARN_SUSPICIOUS_MOVE = YES;
				CLANG_WARN_UNGUARDED_AVAILABILITY = YES_AGGRESSIVE;
				CLANG_WARN_UNREACHABLE_CODE = YES;
				CLANG_WARN__DUPLICATE_METHOD_MATCH = YES;
				COPY_PHASE_STRIP = NO;
				DEBUG_INFORMATION_FORMAT = dwarf;
				ENABLE_STRICT_OBJC_MSGSEND = YES;
				ENABLE_TESTABILITY = YES;
				ENABLE_USER_SCRIPT_SANDBOXING = YES;
				GCC_C_LANGUAGE_STANDARD = gnu17;
				GCC_DYNAMIC_NO_PIC = NO;
				GCC_NO_COMMON_BLOCKS = YES;
				GCC_OPTIMIZATION_LEVEL = 0;
				GCC_PREPROCESSOR_DEFINITIONS = (
					"DEBUG=1",
					"$(inherited)",
				);
				GCC_WARN_64_TO_32_BIT_CONVERSION = YES;
				GCC_WARN_ABOUT_RETURN_TYPE = YES_ERROR;
				GCC_WARN_UNDECLARED_SELECTOR = YES;
				GCC_WARN_UNINITIALIZED_AUTOS = YES_AGGRESSIVE;
				GCC_WARN_UNUSED_FUNCTION = YES;
				GCC_WARN_UNUSED_VARIABLE = YES;
				IPHONEOS_DEPLOYMENT_TARGET = 17.5;
				LOCALIZATION_PREFERS_STRING_CATALOGS = YES;
				MTL_ENABLE_DEBUG_INFO = INCLUDE_SOURCE;
				MTL_FAST_MATH = YES;
				ONLY_ACTIVE_ARCH = YES;
				SDKROOT = iphoneos;
				SWIFT_ACTIVE_COMPILATION_CONDITIONS = "DEBUG $(inherited)";
				SWIFT_OPTIMIZATION_LEVEL = "-Onone";
			};
			name = Debug;
		};
		B0DBD0272C19AF6F009772E6 /* Release */ = {
			isa = XCBuildConfiguration;
			buildSettings = {
				ALWAYS_SEARCH_USER_PATHS = NO;
				ASSETCATALOG_COMPILER_GENERATE_SWIFT_ASSET_SYMBOL_EXTENSIONS = YES;
				CLANG_ANALYZER_NONNULL = YES;
				CLANG_ANALYZER_NUMBER_OBJECT_CONVERSION = YES_AGGRESSIVE;
				CLANG_CXX_LANGUAGE_STANDARD = "gnu++20";
				CLANG_ENABLE_MODULES = YES;
				CLANG_ENABLE_OBJC_ARC = YES;
				CLANG_ENABLE_OBJC_WEAK = YES;
				CLANG_WARN_BLOCK_CAPTURE_AUTORELEASING = YES;
				CLANG_WARN_BOOL_CONVERSION = YES;
				CLANG_WARN_COMMA = YES;
				CLANG_WARN_CONSTANT_CONVERSION = YES;
				CLANG_WARN_DEPRECATED_OBJC_IMPLEMENTATIONS = YES;
				CLANG_WARN_DIRECT_OBJC_ISA_USAGE = YES_ERROR;
				CLANG_WARN_DOCUMENTATION_COMMENTS = YES;
				CLANG_WARN_EMPTY_BODY = YES;
				CLANG_WARN_ENUM_CONVERSION = YES;
				CLANG_WARN_INFINITE_RECURSION = YES;
				CLANG_WARN_INT_CONVERSION = YES;
				CLANG_WARN_NON_LITERAL_NULL_CONVERSION = YES;
				CLANG_WARN_OBJC_IMPLICIT_RETAIN_SELF = YES;
				CLANG_WARN_OBJC_LITERAL_CONVERSION = YES;
				CLANG_WARN_OBJC_ROOT_CLASS = YES_ERROR;
				CLANG_WARN_QUOTED_INCLUDE_IN_FRAMEWORK_HEADER = YES;
				CLANG_WARN_RANGE_LOOP_ANALYSIS = YES;
				CLANG_WARN_STRICT_PROTOTYPES = YES;
				CLANG_WARN_SUSPICIOUS_MOVE = YES;
				CLANG_WARN_UNGUARDED_AVAILABILITY = YES_AGGRESSIVE;
				CLANG_WARN_UNREACHABLE_CODE = YES;
				CLANG_WARN__DUPLICATE_METHOD_MATCH = YES;
				COPY_PHASE_STRIP = NO;
				DEBUG_INFORMATION_FORMAT = "dwarf-with-dsym";
				ENABLE_NS_ASSERTIONS = NO;
				ENABLE_STRICT_OBJC_MSGSEND = YES;
				ENABLE_USER_SCRIPT_SANDBOXING = YES;
				GCC_C_LANGUAGE_STANDARD = gnu17;
				GCC_NO_COMMON_BLOCKS = YES;
				GCC_WARN_64_TO_32_BIT_CONVERSION = YES;
				GCC_WARN_ABOUT_RETURN_TYPE = YES_ERROR;
				GCC_WARN_UNDECLARED_SELECTOR = YES;
				GCC_WARN_UNINITIALIZED_AUTOS = YES_AGGRESSIVE;
				GCC_WARN_UNUSED_FUNCTION = YES;
				GCC_WARN_UNUSED_VARIABLE = YES;
				IPHONEOS_DEPLOYMENT_TARGET = 17.5;
				LOCALIZATION_PREFERS_STRING_CATALOGS = YES;
				MTL_ENABLE_DEBUG_INFO = NO;
				MTL_FAST_MATH = YES;
				SDKROOT = iphoneos;
				SWIFT_COMPILATION_MODE = wholemodule;
				VALIDATE_PRODUCT = YES;
			};
			name = Release;
		};
		B0DBD0292C19AF6F009772E6 /* Debug */ = {
			isa = XCBuildConfiguration;
			buildSettings = {
				ASSETCATALOG_COMPILER_APPICON_NAME = AppIcon;
				ASSETCATALOG_COMPILER_GLOBAL_ACCENT_COLOR_NAME = AccentColor;
				CODE_SIGN_STYLE = Automatic;
				CURRENT_PROJECT_VERSION = 1;
				DEVELOPMENT_TEAM = PAU79VDZTS;
				GENERATE_INFOPLIST_FILE = YES;
				INFOPLIST_FILE = Test/Info.plist;
				INFOPLIST_KEY_UIApplicationSupportsIndirectInputEvents = YES;
				INFOPLIST_KEY_UILaunchStoryboardName = LaunchScreen;
				INFOPLIST_KEY_UIMainStoryboardFile = Main;
				INFOPLIST_KEY_UISupportedInterfaceOrientations_iPad = "UIInterfaceOrientationPortrait UIInterfaceOrientationPortraitUpsideDown UIInterfaceOrientationLandscapeLeft UIInterfaceOrientationLandscapeRight";
				INFOPLIST_KEY_UISupportedInterfaceOrientations_iPhone = "UIInterfaceOrientationPortrait UIInterfaceOrientationLandscapeLeft UIInterfaceOrientationLandscapeRight";
				LD_RUNPATH_SEARCH_PATHS = (
					"$(inherited)",
					"@executable_path/Frameworks",
				);
				MARKETING_VERSION = 1.0;
				PRODUCT_BUNDLE_IDENTIFIER = in.kaligotla.Test;
				PRODUCT_NAME = "$(TARGET_NAME)";
				SWIFT_EMIT_LOC_STRINGS = YES;
				SWIFT_VERSION = 5.0;
				TARGETED_DEVICE_FAMILY = "1,2";
			};
			name = Debug;
		};
		B0DBD02A2C19AF6F009772E6 /* Release */ = {
			isa = XCBuildConfiguration;
			buildSettings = {
				ASSETCATALOG_COMPILER_APPICON_NAME = AppIcon;
				ASSETCATALOG_COMPILER_GLOBAL_ACCENT_COLOR_NAME = AccentColor;
				CODE_SIGN_STYLE = Automatic;
				CURRENT_PROJECT_VERSION = 1;
				DEVELOPMENT_TEAM = PAU79VDZTS;
				GENERATE_INFOPLIST_FILE = YES;
				INFOPLIST_FILE = Test/Info.plist;
				INFOPLIST_KEY_UIApplicationSupportsIndirectInputEvents = YES;
				INFOPLIST_KEY_UILaunchStoryboardName = LaunchScreen;
				INFOPLIST_KEY_UIMainStoryboardFile = Main;
				INFOPLIST_KEY_UISupportedInterfaceOrientations_iPad = "UIInterfaceOrientationPortrait UIInterfaceOrientationPortraitUpsideDown UIInterfaceOrientationLandscapeLeft UIInterfaceOrientationLandscapeRight";
				INFOPLIST_KEY_UISupportedInterfaceOrientations_iPhone = "UIInterfaceOrientationPortrait UIInterfaceOrientationLandscapeLeft UIInterfaceOrientationLandscapeRight";
				LD_RUNPATH_SEARCH_PATHS = (
					"$(inherited)",
					"@executable_path/Frameworks",
				);
				MARKETING_VERSION = 1.0;
				PRODUCT_BUNDLE_IDENTIFIER = in.kaligotla.Test;
				PRODUCT_NAME = "$(TARGET_NAME)";
				SWIFT_EMIT_LOC_STRINGS = YES;
				SWIFT_VERSION = 5.0;
				TARGETED_DEVICE_FAMILY = "1,2";
			};
			name = Release;
		};
		B0DBD02C2C19AF6F009772E6 /* Debug */ = {
			isa = XCBuildConfiguration;
			buildSettings = {
				ALWAYS_EMBED_SWIFT_STANDARD_LIBRARIES = YES;
				BUNDLE_LOADER = "$(TEST_HOST)";
				CODE_SIGN_STYLE = Automatic;
				CURRENT_PROJECT_VERSION = 1;
				DEVELOPMENT_TEAM = PAU79VDZTS;
				GENERATE_INFOPLIST_FILE = YES;
				IPHONEOS_DEPLOYMENT_TARGET = 17.5;
				MARKETING_VERSION = 1.0;
				PRODUCT_BUNDLE_IDENTIFIER = in.kaligotla.TestTests;
				PRODUCT_NAME = "$(TARGET_NAME)";
				SWIFT_EMIT_LOC_STRINGS = NO;
				SWIFT_VERSION = 5.0;
				TARGETED_DEVICE_FAMILY = "1,2";
				TEST_HOST = "$(BUILT_PRODUCTS_DIR)/Test.app/$(BUNDLE_EXECUTABLE_FOLDER_PATH)/Test";
			};
			name = Debug;
		};
		B0DBD02D2C19AF6F009772E6 /* Release */ = {
			isa = XCBuildConfiguration;
			buildSettings = {
				ALWAYS_EMBED_SWIFT_STANDARD_LIBRARIES = YES;
				BUNDLE_LOADER = "$(TEST_HOST)";
				CODE_SIGN_STYLE = Automatic;
				CURRENT_PROJECT_VERSION = 1;
				DEVELOPMENT_TEAM = PAU79VDZTS;
				GENERATE_INFOPLIST_FILE = YES;
				IPHONEOS_DEPLOYMENT_TARGET = 17.5;
				MARKETING_VERSION = 1.0;
				PRODUCT_BUNDLE_IDENTIFIER = in.kaligotla.TestTests;
				PRODUCT_NAME = "$(TARGET_NAME)";
				SWIFT_EMIT_LOC_STRINGS = NO;
				SWIFT_VERSION = 5.0;
				TARGETED_DEVICE_FAMILY = "1,2";
				TEST_HOST = "$(BUILT_PRODUCTS_DIR)/Test.app/$(BUNDLE_EXECUTABLE_FOLDER_PATH)/Test";
			};
			name = Release;
		};
		B0DBD02F2C19AF6F009772E6 /* Debug */ = {
			isa = XCBuildConfiguration;
			buildSettings = {
				ALWAYS_EMBED_SWIFT_STANDARD_LIBRARIES = YES;
				CODE_SIGN_STYLE = Automatic;
				CURRENT_PROJECT_VERSION = 1;
				DEVELOPMENT_TEAM = PAU79VDZTS;
				GENERATE_INFOPLIST_FILE = YES;
				MARKETING_VERSION = 1.0;
				PRODUCT_BUNDLE_IDENTIFIER = in.kaligotla.TestUITests;
				PRODUCT_NAME = "$(TARGET_NAME)";
				SWIFT_EMIT_LOC_STRINGS = NO;
				SWIFT_VERSION = 5.0;
				TARGETED_DEVICE_FAMILY = "1,2";
				TEST_TARGET_NAME = Test;
			};
			name = Debug;
		};
		B0DBD0302C19AF6F009772E6 /* Release */ = {
			isa = XCBuildConfiguration;
			buildSettings = {
				ALWAYS_EMBED_SWIFT_STANDARD_LIBRARIES = YES;
				CODE_SIGN_STYLE = Automatic;
				CURRENT_PROJECT_VERSION = 1;
				DEVELOPMENT_TEAM = PAU79VDZTS;
				GENERATE_INFOPLIST_FILE = YES;
				MARKETING_VERSION = 1.0;
				PRODUCT_BUNDLE_IDENTIFIER = in.kaligotla.TestUITests;
				PRODUCT_NAME = "$(TARGET_NAME)";
				SWIFT_EMIT_LOC_STRINGS = NO;
				SWIFT_VERSION = 5.0;
				TARGETED_DEVICE_FAMILY = "1,2";
				TEST_TARGET_NAME = Test;
			};
			name = Release;
		};
/* End XCBuildConfiguration section */

/* Begin XCConfigurationList section */
		B0DBCFF62C19AF6D009772E6 /* Build configuration list for PBXProject "Test" */ = {
			isa = XCConfigurationList;
			buildConfigurations = (
				B0DBD0262C19AF6F009772E6 /* Debug */,
				B0DBD0272C19AF6F009772E6 /* Release */,
			);
			defaultConfigurationIsVisible = 0;
			defaultConfigurationName = Release;
		};
		B0DBD0282C19AF6F009772E6 /* Build configuration list for PBXNativeTarget "Test" */ = {
			isa = XCConfigurationList;
			buildConfigurations = (
				B0DBD0292C19AF6F009772E6 /* Debug */,
				B0DBD02A2C19AF6F009772E6 /* Release */,
			);
			defaultConfigurationIsVisible = 0;
			defaultConfigurationName = Release;
		};
		B0DBD02B2C19AF6F009772E6 /* Build configuration list for PBXNativeTarget "TestTests" */ = {
			isa = XCConfigurationList;
			buildConfigurations = (
				B0DBD02C2C19AF6F009772E6 /* Debug */,
				B0DBD02D2C19AF6F009772E6 /* Release */,
			);
			defaultConfigurationIsVisible = 0;
			defaultConfigurationName = Release;
		};
		B0DBD02E2C19AF6F009772E6 /* Build configuration list for PBXNativeTarget "TestUITests" */ = {
			isa = XCConfigurationList;
			buildConfigurations = (
				B0DBD02F2C19AF6F009772E6 /* Debug */,
				B0DBD0302C19AF6F009772E6 /* Release */,
			);
			defaultConfigurationIsVisible = 0;
			defaultConfigurationName = Release;
		};
/* End XCConfigurationList section */

/* Begin XCVersionGroup section */
		B0DBD0072C19AF6D009772E6 /* Test.xcdatamodeld */ = {
			isa = XCVersionGroup;
			children = (
				B0DBD0082C19AF6D009772E6 /* Test.xcdatamodel */,
			);
			currentVersion = B0DBD0082C19AF6D009772E6 /* Test.xcdatamodel */;
			path = Test.xcdatamodeld;
			sourceTree = "<group>";
			versionGroupType = wrapper.xcdatamodel;
		};
/* End XCVersionGroup section */
	};
	rootObject = B0DBCFF32C19AF6D009772E6 /* Project object */;
}
