PODS:
  - Alamofire (5.10.2)
  - Kingfisher (7.12.0)

DEPENDENCIES:
  - Alamofire
  - Kingfisher (~> 7.0)

SPEC REPOS:
  trunk:
    - Alamofire
    - Kingfisher

SPEC CHECKSUMS:
  Alamofire: 7193b3b92c74a07f85569e1a6c4f4237291e7496
  Kingfisher: 53a10ea35051a436b5fb626ca2dd8f3144d755e9

PODFILE CHECKSUM: 6251d5da0fec667c7cfba62451c4e97a2e103bc5

COCOAPODS: 1.16.2
